// !$*UTF8*$!
{
	archiveVersion = 1;
	classes = {
	};
	objectVersion = 46;
	objects = {

/* Begin PBXBuildFile section */
		6B05F8901CBFE6320001F144 /* AppDelegate.swift in Sources */ = {isa = PBXBuildFile; fileRef = 6B05F88F1CBFE6320001F144 /* AppDelegate.swift */; };
		6B05F8921CBFE6320001F144 /* ViewController.swift in Sources */ = {isa = PBXBuildFile; fileRef = 6B05F8911CBFE6320001F144 /* ViewController.swift */; };
		6B05F8971CBFE6320001F144 /* Assets.xcassets in Resources */ = {isa = PBXBuildFile; fileRef = 6B05F8961CBFE6320001F144 /* Assets.xcassets */; };
		6B05F8A51CBFE6320001F144 /* WeiboTests.swift in Sources */ = {isa = PBXBuildFile; fileRef = 6B05F8A41CBFE6320001F144 /* WeiboTests.swift */; };
		6B05F8B01CBFE6320001F144 /* WeiboUITests.swift in Sources */ = {isa = PBXBuildFile; fileRef = 6B05F8AF1CBFE6320001F144 /* WeiboUITests.swift */; };
		6B44A1BA1CBFE80A00DA9D7F /* DiscoverViewController.swift in Sources */ = {isa = PBXBuildFile; fileRef = 6B44A1B11CBFE80A00DA9D7F /* DiscoverViewController.swift */; };
		6B44A1BB1CBFE80A00DA9D7F /* HomeViewController.swift in Sources */ = {isa = PBXBuildFile; fileRef = 6B44A1B31CBFE80A00DA9D7F /* HomeViewController.swift */; };
		6B44A1BC1CBFE80A00DA9D7F /* MainViewController.swift in Sources */ = {isa = PBXBuildFile; fileRef = 6B44A1B51CBFE80A00DA9D7F /* MainViewController.swift */; };
		6B44A1BD1CBFE80A00DA9D7F /* MessageViewController.swift in Sources */ = {isa = PBXBuildFile; fileRef = 6B44A1B71CBFE80A00DA9D7F /* MessageViewController.swift */; };
		6B44A1BF1CBFEE4500DA9D7F /* ProfileViewController.swift in Sources */ = {isa = PBXBuildFile; fileRef = 6B44A1BE1CBFEE4500DA9D7F /* ProfileViewController.swift */; };
		6B44A1C31CBFF22800DA9D7F /* MainVCSettings.json in Resources */ = {isa = PBXBuildFile; fileRef = 6B44A1C11CBFF22800DA9D7F /* MainVCSettings.json */; };
		6B44A1C41CBFF22800DA9D7F /* NullViewController.swift in Sources */ = {isa = PBXBuildFile; fileRef = 6B44A1C21CBFF22800DA9D7F /* NullViewController.swift */; };
		6B44A1C61CC0749D00DA9D7F /* UIView+AutoLayout.swift in Sources */ = {isa = PBXBuildFile; fileRef = 6B44A1C51CC0749D00DA9D7F /* UIView+AutoLayout.swift */; };
		6B44A1C81CC074DF00DA9D7F /* BaseTableViewController.swift in Sources */ = {isa = PBXBuildFile; fileRef = 6B44A1C71CC074DF00DA9D7F /* BaseTableViewController.swift */; };
		6B44A1CA1CC074FD00DA9D7F /* VisitorView.swift in Sources */ = {isa = PBXBuildFile; fileRef = 6B44A1C91CC074FD00DA9D7F /* VisitorView.swift */; };
		6B44A1D11CC0D2C100DA9D7F /* UIBarButtonItem+Category.swift in Sources */ = {isa = PBXBuildFile; fileRef = 6B44A1D01CC0D2C100DA9D7F /* UIBarButtonItem+Category.swift */; };
		6B44A1D31CC0D3EC00DA9D7F /* TitleButton.swift in Sources */ = {isa = PBXBuildFile; fileRef = 6B44A1D21CC0D3EC00DA9D7F /* TitleButton.swift */; };
		6B44A1F31CC31AE200DA9D7F /* PopoverPresentationController.swift in Sources */ = {isa = PBXBuildFile; fileRef = 6B44A1F21CC31AE200DA9D7F /* PopoverPresentationController.swift */; };
		6B44A1F51CC31B9300DA9D7F /* PopoverViewController.storyboard in Resources */ = {isa = PBXBuildFile; fileRef = 6B44A1F41CC31B9300DA9D7F /* PopoverViewController.storyboard */; };
		6B44A1F71CC35D3200DA9D7F /* PopoverAnimator.swift in Sources */ = {isa = PBXBuildFile; fileRef = 6B44A1F61CC35D3200DA9D7F /* PopoverAnimator.swift */; };
		6B44A1FA1CC36B7300DA9D7F /* QRCodeViewController.storyboard in Resources */ = {isa = PBXBuildFile; fileRef = 6B44A1F91CC36B7300DA9D7F /* QRCodeViewController.storyboard */; };
		6B44A1FC1CC36C9900DA9D7F /* QRCodeViewController.swift in Sources */ = {isa = PBXBuildFile; fileRef = 6B44A1FB1CC36C9900DA9D7F /* QRCodeViewController.swift */; };
		6B44A1FE1CC40A7F00DA9D7F /* QRCodeCardViewController.swift in Sources */ = {isa = PBXBuildFile; fileRef = 6B44A1FD1CC40A7F00DA9D7F /* QRCodeCardViewController.swift */; };
/* End PBXBuildFile section */

/* Begin PBXContainerItemProxy section */
		6B05F8A11CBFE6320001F144 /* PBXContainerItemProxy */ = {
			isa = PBXContainerItemProxy;
			containerPortal = 6B05F8841CBFE6320001F144 /* Project object */;
			proxyType = 1;
			remoteGlobalIDString = 6B05F88B1CBFE6320001F144;
			remoteInfo = Weibo;
		};
		6B05F8AC1CBFE6320001F144 /* PBXContainerItemProxy */ = {
			isa = PBXContainerItemProxy;
			containerPortal = 6B05F8841CBFE6320001F144 /* Project object */;
			proxyType = 1;
			remoteGlobalIDString = 6B05F88B1CBFE6320001F144;
			remoteInfo = Weibo;
		};
/* End PBXContainerItemProxy section */

/* Begin PBXFileReference section */
		6B05F88C1CBFE6320001F144 /* Weibo.app */ = {isa = PBXFileReference; explicitFileType = wrapper.application; includeInIndex = 0; path = Weibo.app; sourceTree = BUILT_PRODUCTS_DIR; };
		6B05F88F1CBFE6320001F144 /* AppDelegate.swift */ = {isa = PBXFileReference; lastKnownFileType = sourcecode.swift; path = AppDelegate.swift; sourceTree = "<group>"; };
		6B05F8911CBFE6320001F144 /* ViewController.swift */ = {isa = PBXFileReference; lastKnownFileType = sourcecode.swift; path = ViewController.swift; sourceTree = "<group>"; };
		6B05F8961CBFE6320001F144 /* Assets.xcassets */ = {isa = PBXFileReference; lastKnownFileType = folder.assetcatalog; path = Assets.xcassets; sourceTree = "<group>"; };
		6B05F89B1CBFE6320001F144 /* Info.plist */ = {isa = PBXFileReference; lastKnownFileType = text.plist.xml; path = Info.plist; sourceTree = "<group>"; };
		6B05F8A01CBFE6320001F144 /* WeiboTests.xctest */ = {isa = PBXFileReference; explicitFileType = wrapper.cfbundle; includeInIndex = 0; path = WeiboTests.xctest; sourceTree = BUILT_PRODUCTS_DIR; };
		6B05F8A41CBFE6320001F144 /* WeiboTests.swift */ = {isa = PBXFileReference; lastKnownFileType = sourcecode.swift; path = WeiboTests.swift; sourceTree = "<group>"; };
		6B05F8A61CBFE6320001F144 /* Info.plist */ = {isa = PBXFileReference; lastKnownFileType = text.plist.xml; path = Info.plist; sourceTree = "<group>"; };
		6B05F8AB1CBFE6320001F144 /* WeiboUITests.xctest */ = {isa = PBXFileReference; explicitFileType = wrapper.cfbundle; includeInIndex = 0; path = WeiboUITests.xctest; sourceTree = BUILT_PRODUCTS_DIR; };
		6B05F8AF1CBFE6320001F144 /* WeiboUITests.swift */ = {isa = PBXFileReference; lastKnownFileType = sourcecode.swift; path = WeiboUITests.swift; sourceTree = "<group>"; };
		6B05F8B11CBFE6320001F144 /* Info.plist */ = {isa = PBXFileReference; lastKnownFileType = text.plist.xml; path = Info.plist; sourceTree = "<group>"; };
		6B44A1B11CBFE80A00DA9D7F /* DiscoverViewController.swift */ = {isa = PBXFileReference; fileEncoding = 4; lastKnownFileType = sourcecode.swift; path = DiscoverViewController.swift; sourceTree = "<group>"; };
		6B44A1B31CBFE80A00DA9D7F /* HomeViewController.swift */ = {isa = PBXFileReference; fileEncoding = 4; lastKnownFileType = sourcecode.swift; path = HomeViewController.swift; sourceTree = "<group>"; };
		6B44A1B51CBFE80A00DA9D7F /* MainViewController.swift */ = {isa = PBXFileReference; fileEncoding = 4; lastKnownFileType = sourcecode.swift; path = MainViewController.swift; sourceTree = "<group>"; };
		6B44A1B71CBFE80A00DA9D7F /* MessageViewController.swift */ = {isa = PBXFileReference; fileEncoding = 4; lastKnownFileType = sourcecode.swift; path = MessageViewController.swift; sourceTree = "<group>"; };
		6B44A1BE1CBFEE4500DA9D7F /* ProfileViewController.swift */ = {isa = PBXFileReference; fileEncoding = 4; lastKnownFileType = sourcecode.swift; path = ProfileViewController.swift; sourceTree = "<group>"; };
		6B44A1C11CBFF22800DA9D7F /* MainVCSettings.json */ = {isa = PBXFileReference; fileEncoding = 4; lastKnownFileType = text.json; path = MainVCSettings.json; sourceTree = "<group>"; };
		6B44A1C21CBFF22800DA9D7F /* NullViewController.swift */ = {isa = PBXFileReference; fileEncoding = 4; lastKnownFileType = sourcecode.swift; path = NullViewController.swift; sourceTree = "<group>"; };
		6B44A1C51CC0749D00DA9D7F /* UIView+AutoLayout.swift */ = {isa = PBXFileReference; fileEncoding = 4; lastKnownFileType = sourcecode.swift; path = "UIView+AutoLayout.swift"; sourceTree = "<group>"; };
		6B44A1C71CC074DF00DA9D7F /* BaseTableViewController.swift */ = {isa = PBXFileReference; fileEncoding = 4; lastKnownFileType = sourcecode.swift; path = BaseTableViewController.swift; sourceTree = "<group>"; };
		6B44A1C91CC074FD00DA9D7F /* VisitorView.swift */ = {isa = PBXFileReference; fileEncoding = 4; lastKnownFileType = sourcecode.swift; path = VisitorView.swift; sourceTree = "<group>"; };
		6B44A1D01CC0D2C100DA9D7F /* UIBarButtonItem+Category.swift */ = {isa = PBXFileReference; fileEncoding = 4; lastKnownFileType = sourcecode.swift; path = "UIBarButtonItem+Category.swift"; sourceTree = "<group>"; };
		6B44A1D21CC0D3EC00DA9D7F /* TitleButton.swift */ = {isa = PBXFileReference; fileEncoding = 4; lastKnownFileType = sourcecode.swift; path = TitleButton.swift; sourceTree = "<group>"; };
		6B44A1F21CC31AE200DA9D7F /* PopoverPresentationController.swift */ = {isa = PBXFileReference; fileEncoding = 4; lastKnownFileType = sourcecode.swift; path = PopoverPresentationController.swift; sourceTree = "<group>"; };
		6B44A1F41CC31B9300DA9D7F /* PopoverViewController.storyboard */ = {isa = PBXFileReference; fileEncoding = 4; lastKnownFileType = file.storyboard; path = PopoverViewController.storyboard; sourceTree = "<group>"; };
		6B44A1F61CC35D3200DA9D7F /* PopoverAnimator.swift */ = {isa = PBXFileReference; fileEncoding = 4; lastKnownFileType = sourcecode.swift; path = PopoverAnimator.swift; sourceTree = "<group>"; };
		6B44A1F91CC36B7300DA9D7F /* QRCodeViewController.storyboard */ = {isa = PBXFileReference; fileEncoding = 4; lastKnownFileType = file.storyboard; path = QRCodeViewController.storyboard; sourceTree = "<group>"; };
		6B44A1FB1CC36C9900DA9D7F /* QRCodeViewController.swift */ = {isa = PBXFileReference; fileEncoding = 4; lastKnownFileType = sourcecode.swift; path = QRCodeViewController.swift; sourceTree = "<group>"; };
		6B44A1FD1CC40A7F00DA9D7F /* QRCodeCardViewController.swift */ = {isa = PBXFileReference; fileEncoding = 4; lastKnownFileType = sourcecode.swift; path = QRCodeCardViewController.swift; sourceTree = "<group>"; };
/* End PBXFileReference section */

/* Begin PBXFrameworksBuildPhase section */
		6B05F8891CBFE6320001F144 /* Frameworks */ = {
			isa = PBXFrameworksBuildPhase;
			buildActionMask = 2147483647;
			files = (
			);
			runOnlyForDeploymentPostprocessing = 0;
		};
		6B05F89D1CBFE6320001F144 /* Frameworks */ = {
			isa = PBXFrameworksBuildPhase;
			buildActionMask = 2147483647;
			files = (
			);
			runOnlyForDeploymentPostprocessing = 0;
		};
		6B05F8A81CBFE6320001F144 /* Frameworks */ = {
			isa = PBXFrameworksBuildPhase;
			buildActionMask = 2147483647;
			files = (
			);
			runOnlyForDeploymentPostprocessing = 0;
		};
/* End PBXFrameworksBuildPhase section */

/* Begin PBXGroup section */
		6B05F8831CBFE6320001F144 = {
			isa = PBXGroup;
			children = (
				6B05F88E1CBFE6320001F144 /* Weibo */,
				6B05F8A31CBFE6320001F144 /* WeiboTests */,
				6B05F8AE1CBFE6320001F144 /* WeiboUITests */,
				6B05F88D1CBFE6320001F144 /* Products */,
			);
			sourceTree = "<group>";
		};
		6B05F88D1CBFE6320001F144 /* Products */ = {
			isa = PBXGroup;
			children = (
				6B05F88C1CBFE6320001F144 /* Weibo.app */,
				6B05F8A01CBFE6320001F144 /* WeiboTests.xctest */,
				6B05F8AB1CBFE6320001F144 /* WeiboUITests.xctest */,
			);
			name = Products;
			sourceTree = "<group>";
		};
		6B05F88E1CBFE6320001F144 /* Weibo */ = {
			isa = PBXGroup;
			children = (
				6B05F88F1CBFE6320001F144 /* AppDelegate.swift */,
				6B44A1AF1CBFE80A00DA9D7F /* Classes */,
				6B05F8911CBFE6320001F144 /* ViewController.swift */,
				6B05F8961CBFE6320001F144 /* Assets.xcassets */,
				6B05F89B1CBFE6320001F144 /* Info.plist */,
			);
			path = Weibo;
			sourceTree = "<group>";
		};
		6B05F8A31CBFE6320001F144 /* WeiboTests */ = {
			isa = PBXGroup;
			children = (
				6B05F8A41CBFE6320001F144 /* WeiboTests.swift */,
				6B05F8A61CBFE6320001F144 /* Info.plist */,
			);
			path = WeiboTests;
			sourceTree = "<group>";
		};
		6B05F8AE1CBFE6320001F144 /* WeiboUITests */ = {
			isa = PBXGroup;
			children = (
				6B05F8AF1CBFE6320001F144 /* WeiboUITests.swift */,
				6B05F8B11CBFE6320001F144 /* Info.plist */,
			);
			path = WeiboUITests;
			sourceTree = "<group>";
		};
		6B44A1AF1CBFE80A00DA9D7F /* Classes */ = {
			isa = PBXGroup;
			children = (
				6B44A1B01CBFE80A00DA9D7F /* Discover */,
				6B44A1B21CBFE80A00DA9D7F /* Home */,
				6B44A1B41CBFE80A00DA9D7F /* Main */,
				6B44A1B61CBFE80A00DA9D7F /* Message */,
				6B44A1B81CBFE80A00DA9D7F /* Profile */,
				6B44A1B91CBFE80A00DA9D7F /* Tools */,
			);
			path = Classes;
			sourceTree = "<group>";
		};
		6B44A1B01CBFE80A00DA9D7F /* Discover */ = {
			isa = PBXGroup;
			children = (
				6B44A1B11CBFE80A00DA9D7F /* DiscoverViewController.swift */,
			);
			path = Discover;
			sourceTree = "<group>";
		};
		6B44A1B21CBFE80A00DA9D7F /* Home */ = {
			isa = PBXGroup;
			children = (
				6B44A1F81CC36B4600DA9D7F /* QRCode */,
				6B44A1F11CC31AB600DA9D7F /* Popover */,
				6B44A1B31CBFE80A00DA9D7F /* HomeViewController.swift */,
			);
			path = Home;
			sourceTree = "<group>";
		};
		6B44A1B41CBFE80A00DA9D7F /* Main */ = {
			isa = PBXGroup;
			children = (
				6B44A1C01CBFF22800DA9D7F /* Resource */,
				6B44A1B51CBFE80A00DA9D7F /* MainViewController.swift */,
				6B44A1C71CC074DF00DA9D7F /* BaseTableViewController.swift */,
				6B44A1C91CC074FD00DA9D7F /* VisitorView.swift */,
			);
			path = Main;
			sourceTree = "<group>";
		};
		6B44A1B61CBFE80A00DA9D7F /* Message */ = {
			isa = PBXGroup;
			children = (
				6B44A1B71CBFE80A00DA9D7F /* MessageViewController.swift */,
			);
			path = Message;
			sourceTree = "<group>";
		};
		6B44A1B81CBFE80A00DA9D7F /* Profile */ = {
			isa = PBXGroup;
			children = (
				6B44A1BE1CBFEE4500DA9D7F /* ProfileViewController.swift */,
			);
			path = Profile;
			sourceTree = "<group>";
		};
		6B44A1B91CBFE80A00DA9D7F /* Tools */ = {
			isa = PBXGroup;
			children = (
				6B44A1C51CC0749D00DA9D7F /* UIView+AutoLayout.swift */,
				6B44A1D01CC0D2C100DA9D7F /* UIBarButtonItem+Category.swift */,
				6B44A1D21CC0D3EC00DA9D7F /* TitleButton.swift */,
			);
			path = Tools;
			sourceTree = "<group>";
		};
		6B44A1C01CBFF22800DA9D7F /* Resource */ = {
			isa = PBXGroup;
			children = (
				6B44A1C11CBFF22800DA9D7F /* MainVCSettings.json */,
				6B44A1C21CBFF22800DA9D7F /* NullViewController.swift */,
			);
			name = Resource;
			path = ../Home/Resource;
			sourceTree = "<group>";
		};
		6B44A1F11CC31AB600DA9D7F /* Popover */ = {
			isa = PBXGroup;
			children = (
				6B44A1F21CC31AE200DA9D7F /* PopoverPresentationController.swift */,
				6B44A1F41CC31B9300DA9D7F /* PopoverViewController.storyboard */,
				6B44A1F61CC35D3200DA9D7F /* PopoverAnimator.swift */,
			);
			path = Popover;
			sourceTree = "<group>";
		};
		6B44A1F81CC36B4600DA9D7F /* QRCode */ = {
			isa = PBXGroup;
			children = (
				6B44A1F91CC36B7300DA9D7F /* QRCodeViewController.storyboard */,
				6B44A1FD1CC40A7F00DA9D7F /* QRCodeCardViewController.swift */,
				6B44A1FB1CC36C9900DA9D7F /* QRCodeViewController.swift */,
			);
			path = QRCode;
			sourceTree = "<group>";
		};
/* End PBXGroup section */

/* Begin PBXNativeTarget section */
		6B05F88B1CBFE6320001F144 /* Weibo */ = {
			isa = PBXNativeTarget;
			buildConfigurationList = 6B05F8B41CBFE6320001F144 /* Build configuration list for PBXNativeTarget "Weibo" */;
			buildPhases = (
				6B05F8881CBFE6320001F144 /* Sources */,
				6B05F8891CBFE6320001F144 /* Frameworks */,
				6B05F88A1CBFE6320001F144 /* Resources */,
			);
			buildRules = (
			);
			dependencies = (
			);
			name = Weibo;
			productName = Weibo;
			productReference = 6B05F88C1CBFE6320001F144 /* Weibo.app */;
			productType = "com.apple.product-type.application";
		};
		6B05F89F1CBFE6320001F144 /* WeiboTests */ = {
			isa = PBXNativeTarget;
			buildConfigurationList = 6B05F8B71CBFE6320001F144 /* Build configuration list for PBXNativeTarget "WeiboTests" */;
			buildPhases = (
				6B05F89C1CBFE6320001F144 /* Sources */,
				6B05F89D1CBFE6320001F144 /* Frameworks */,
				6B05F89E1CBFE6320001F144 /* Resources */,
			);
			buildRules = (
			);
			dependencies = (
				6B05F8A21CBFE6320001F144 /* PBXTargetDependency */,
			);
			name = WeiboTests;
			productName = WeiboTests;
			productReference = 6B05F8A01CBFE6320001F144 /* WeiboTests.xctest */;
			productType = "com.apple.product-type.bundle.unit-test";
		};
		6B05F8AA1CBFE6320001F144 /* WeiboUITests */ = {
			isa = PBXNativeTarget;
			buildConfigurationList = 6B05F8BA1CBFE6320001F144 /* Build configuration list for PBXNativeTarget "WeiboUITests" */;
			buildPhases = (
				6B05F8A71CBFE6320001F144 /* Sources */,
				6B05F8A81CBFE6320001F144 /* Frameworks */,
				6B05F8A91CBFE6320001F144 /* Resources */,
			);
			buildRules = (
			);
			dependencies = (
				6B05F8AD1CBFE6320001F144 /* PBXTargetDependency */,
			);
			name = WeiboUITests;
			productName = WeiboUITests;
			productReference = 6B05F8AB1CBFE6320001F144 /* WeiboUITests.xctest */;
			productType = "com.apple.product-type.bundle.ui-testing";
		};
/* End PBXNativeTarget section */

/* Begin PBXProject section */
		6B05F8841CBFE6320001F144 /* Project object */ = {
			isa = PBXProject;
			attributes = {
				LastSwiftUpdateCheck = 0730;
				LastUpgradeCheck = 0730;
				ORGANIZATIONNAME = nsky;
				TargetAttributes = {
					6B05F88B1CBFE6320001F144 = {
						CreatedOnToolsVersion = 7.3;
						DevelopmentTeam = VMZ2F8UQBH;
					};
					6B05F89F1CBFE6320001F144 = {
						CreatedOnToolsVersion = 7.3;
						DevelopmentTeam = VMZ2F8UQBH;
						TestTargetID = 6B05F88B1CBFE6320001F144;
					};
					6B05F8AA1CBFE6320001F144 = {
						CreatedOnToolsVersion = 7.3;
						DevelopmentTeam = VMZ2F8UQBH;
						TestTargetID = 6B05F88B1CBFE6320001F144;
					};
				};
			};
			buildConfigurationList = 6B05F8871CBFE6320001F144 /* Build configuration list for PBXProject "Weibo" */;
			compatibilityVersion = "Xcode 3.2";
			developmentRegion = English;
			hasScannedForEncodings = 0;
			knownRegions = (
				en,
				Base,
			);
			mainGroup = 6B05F8831CBFE6320001F144;
			productRefGroup = 6B05F88D1CBFE6320001F144 /* Products */;
			projectDirPath = "";
			projectRoot = "";
			targets = (
				6B05F88B1CBFE6320001F144 /* Weibo */,
				6B05F89F1CBFE6320001F144 /* WeiboTests */,
				6B05F8AA1CBFE6320001F144 /* WeiboUITests */,
			);
		};
/* End PBXProject section */

/* Begin PBXResourcesBuildPhase section */
		6B05F88A1CBFE6320001F144 /* Resources */ = {
			isa = PBXResourcesBuildPhase;
			buildActionMask = 2147483647;
			files = (
				6B44A1F51CC31B9300DA9D7F /* PopoverViewController.storyboard in Resources */,
				6B44A1C31CBFF22800DA9D7F /* MainVCSettings.json in Resources */,
				6B05F8971CBFE6320001F144 /* Assets.xcassets in Resources */,
				6B44A1FA1CC36B7300DA9D7F /* QRCodeViewController.storyboard in Resources */,
			);
			runOnlyForDeploymentPostprocessing = 0;
		};
		6B05F89E1CBFE6320001F144 /* Resources */ = {
			isa = PBXResourcesBuildPhase;
			buildActionMask = 2147483647;
			files = (
			);
			runOnlyForDeploymentPostprocessing = 0;
		};
		6B05F8A91CBFE6320001F144 /* Resources */ = {
			isa = PBXResourcesBuildPhase;
			buildActionMask = 2147483647;
			files = (
			);
			runOnlyForDeploymentPostprocessing = 0;
		};
/* End PBXResourcesBuildPhase section */

/* Begin PBXSourcesBuildPhase section */
		6B05F8881CBFE6320001F144 /* Sources */ = {
			isa = PBXSourcesBuildPhase;
			buildActionMask = 2147483647;
			files = (
				6B44A1CA1CC074FD00DA9D7F /* VisitorView.swift in Sources */,
				6B44A1BA1CBFE80A00DA9D7F /* DiscoverViewController.swift in Sources */,
				6B44A1FC1CC36C9900DA9D7F /* QRCodeViewController.swift in Sources */,
				6B44A1C61CC0749D00DA9D7F /* UIView+AutoLayout.swift in Sources */,
				6B44A1F71CC35D3200DA9D7F /* PopoverAnimator.swift in Sources */,
				6B44A1C81CC074DF00DA9D7F /* BaseTableViewController.swift in Sources */,
				6B44A1FE1CC40A7F00DA9D7F /* QRCodeCardViewController.swift in Sources */,
				6B05F8921CBFE6320001F144 /* ViewController.swift in Sources */,
				6B05F8901CBFE6320001F144 /* AppDelegate.swift in Sources */,
				6B44A1BB1CBFE80A00DA9D7F /* HomeViewController.swift in Sources */,
				6B44A1BF1CBFEE4500DA9D7F /* ProfileViewController.swift in Sources */,
				6B44A1D11CC0D2C100DA9D7F /* UIBarButtonItem+Category.swift in Sources */,
				6B44A1C41CBFF22800DA9D7F /* NullViewController.swift in Sources */,
				6B44A1BD1CBFE80A00DA9D7F /* MessageViewController.swift in Sources */,
				6B44A1F31CC31AE200DA9D7F /* PopoverPresentationController.swift in Sources */,
				6B44A1D31CC0D3EC00DA9D7F /* TitleButton.swift in Sources */,
				6B44A1BC1CBFE80A00DA9D7F /* MainViewController.swift in Sources */,
			);
			runOnlyForDeploymentPostprocessing = 0;
		};
		6B05F89C1CBFE6320001F144 /* Sources */ = {
			isa = PBXSourcesBuildPhase;
			buildActionMask = 2147483647;
			files = (
				6B05F8A51CBFE6320001F144 /* WeiboTests.swift in Sources */,
			);
			runOnlyForDeploymentPostprocessing = 0;
		};
		6B05F8A71CBFE6320001F144 /* Sources */ = {
			isa = PBXSourcesBuildPhase;
			buildActionMask = 2147483647;
			files = (
				6B05F8B01CBFE6320001F144 /* WeiboUITests.swift in Sources */,
			);
			runOnlyForDeploymentPostprocessing = 0;
		};
/* End PBXSourcesBuildPhase section */

/* Begin PBXTargetDependency section */
		6B05F8A21CBFE6320001F144 /* PBXTargetDependency */ = {
			isa = PBXTargetDependency;
			target = 6B05F88B1CBFE6320001F144 /* Weibo */;
			targetProxy = 6B05F8A11CBFE6320001F144 /* PBXContainerItemProxy */;
		};
		6B05F8AD1CBFE6320001F144 /* PBXTargetDependency */ = {
			isa = PBXTargetDependency;
			target = 6B05F88B1CBFE6320001F144 /* Weibo */;
			targetProxy = 6B05F8AC1CBFE6320001F144 /* PBXContainerItemProxy */;
		};
/* End PBXTargetDependency section */

/* Begin XCBuildConfiguration section */
		6B05F8B21CBFE6320001F144 /* Debug */ = {
			isa = XCBuildConfiguration;
			buildSettings = {
				ALWAYS_SEARCH_USER_PATHS = NO;
				CLANG_ANALYZER_NONNULL = YES;
				CLANG_CXX_LANGUAGE_STANDARD = "gnu++0x";
				CLANG_CXX_LIBRARY = "libc++";
				CLANG_ENABLE_MODULES = YES;
				CLANG_ENABLE_OBJC_ARC = YES;
				CLANG_WARN_BOOL_CONVERSION = YES;
				CLANG_WARN_CONSTANT_CONVERSION = YES;
				CLANG_WARN_DIRECT_OBJC_ISA_USAGE = YES_ERROR;
				CLANG_WARN_EMPTY_BODY = YES;
				CLANG_WARN_ENUM_CONVERSION = YES;
				CLANG_WARN_INT_CONVERSION = YES;
				CLANG_WARN_OBJC_ROOT_CLASS = YES_ERROR;
				CLANG_WARN_UNREACHABLE_CODE = YES;
				CLANG_WARN__DUPLICATE_METHOD_MATCH = YES;
				"CODE_SIGN_IDENTITY[sdk=iphoneos*]" = "iPhone Developer";
				COPY_PHASE_STRIP = NO;
				DEBUG_INFORMATION_FORMAT = dwarf;
				ENABLE_STRICT_OBJC_MSGSEND = YES;
				ENABLE_TESTABILITY = YES;
				GCC_C_LANGUAGE_STANDARD = gnu99;
				GCC_DYNAMIC_NO_PIC = NO;
				GCC_NO_COMMON_BLOCKS = YES;
				GCC_OPTIMIZATION_LEVEL = 0;
				GCC_PREPROCESSOR_DEFINITIONS = (
					"DEBUG=1",
					"$(inherited)",
				);
				GCC_WARN_64_TO_32_BIT_CONVERSION = YES;
				GCC_WARN_ABOUT_RETURN_TYPE = YES_ERROR;
				GCC_WARN_UNDECLARED_SELECTOR = YES;
				GCC_WARN_UNINITIALIZED_AUTOS = YES_AGGRESSIVE;
				GCC_WARN_UNUSED_FUNCTION = YES;
				GCC_WARN_UNUSED_VARIABLE = YES;
				IPHONEOS_DEPLOYMENT_TARGET = 9.3;
				MTL_ENABLE_DEBUG_INFO = YES;
				ONLY_ACTIVE_ARCH = YES;
				SDKROOT = iphoneos;
				SWIFT_OPTIMIZATION_LEVEL = "-Onone";
				TARGETED_DEVICE_FAMILY = "1,2";
			};
			name = Debug;
		};
		6B05F8B31CBFE6320001F144 /* Release */ = {
			isa = XCBuildConfiguration;
			buildSettings = {
				ALWAYS_SEARCH_USER_PATHS = NO;
				CLANG_ANALYZER_NONNULL = YES;
				CLANG_CXX_LANGUAGE_STANDARD = "gnu++0x";
				CLANG_CXX_LIBRARY = "libc++";
				CLANG_ENABLE_MODULES = YES;
				CLANG_ENABLE_OBJC_ARC = YES;
				CLANG_WARN_BOOL_CONVERSION = YES;
				CLANG_WARN_CONSTANT_CONVERSION = YES;
				CLANG_WARN_DIRECT_OBJC_ISA_USAGE = YES_ERROR;
				CLANG_WARN_EMPTY_BODY = YES;
				CLANG_WARN_ENUM_CONVERSION = YES;
				CLANG_WARN_INT_CONVERSION = YES;
				CLANG_WARN_OBJC_ROOT_CLASS = YES_ERROR;
				CLANG_WARN_UNREACHABLE_CODE = YES;
				CLANG_WARN__DUPLICATE_METHOD_MATCH = YES;
				"CODE_SIGN_IDENTITY[sdk=iphoneos*]" = "iPhone Developer";
				COPY_PHASE_STRIP = NO;
				DEBUG_INFORMATION_FORMAT = "dwarf-with-dsym";
				ENABLE_NS_ASSERTIONS = NO;
				ENABLE_STRICT_OBJC_MSGSEND = YES;
				GCC_C_LANGUAGE_STANDARD = gnu99;
				GCC_NO_COMMON_BLOCKS = YES;
				GCC_WARN_64_TO_32_BIT_CONVERSION = YES;
				GCC_WARN_ABOUT_RETURN_TYPE = YES_ERROR;
				GCC_WARN_UNDECLARED_SELECTOR = YES;
				GCC_WARN_UNINITIALIZED_AUTOS = YES_AGGRESSIVE;
				GCC_WARN_UNUSED_FUNCTION = YES;
				GCC_WARN_UNUSED_VARIABLE = YES;
				IPHONEOS_DEPLOYMENT_TARGET = 9.3;
				MTL_ENABLE_DEBUG_INFO = NO;
				SDKROOT = iphoneos;
				TARGETED_DEVICE_FAMILY = "1,2";
				VALIDATE_PRODUCT = YES;
			};
			name = Release;
		};
		6B05F8B51CBFE6320001F144 /* Debug */ = {
			isa = XCBuildConfiguration;
			buildSettings = {
				ASSETCATALOG_COMPILER_APPICON_NAME = AppIcon;
				ASSETCATALOG_COMPILER_LAUNCHIMAGE_NAME = LaunchImage;
				CLANG_ENABLE_MODULES = YES;
				INFOPLIST_FILE = Weibo/Info.plist;
				IPHONEOS_DEPLOYMENT_TARGET = 8.0;
				LD_RUNPATH_SEARCH_PATHS = "$(inherited) @executable_path/Frameworks";
				PRODUCT_BUNDLE_IDENTIFIER = nationsky.Weibo;
				PRODUCT_NAME = "$(TARGET_NAME)";
				SWIFT_OPTIMIZATION_LEVEL = "-Onone";
			};
			name = Debug;
		};
		6B05F8B61CBFE6320001F144 /* Release */ = {
			isa = XCBuildConfiguration;
			buildSettings = {
				ASSETCATALOG_COMPILER_APPICON_NAME = AppIcon;
				ASSETCATALOG_COMPILER_LAUNCHIMAGE_NAME = LaunchImage;
				CLANG_ENABLE_MODULES = YES;
				INFOPLIST_FILE = Weibo/Info.plist;
				IPHONEOS_DEPLOYMENT_TARGET = 8.0;
				LD_RUNPATH_SEARCH_PATHS = "$(inherited) @executable_path/Frameworks";
				PRODUCT_BUNDLE_IDENTIFIER = nationsky.Weibo;
				PRODUCT_NAME = "$(TARGET_NAME)";
			};
			name = Release;
		};
		6B05F8B81CBFE6320001F144 /* Debug */ = {
			isa = XCBuildConfiguration;
			buildSettings = {
				BUNDLE_LOADER = "$(TEST_HOST)";
				INFOPLIST_FILE = WeiboTests/Info.plist;
				LD_RUNPATH_SEARCH_PATHS = "$(inherited) @executable_path/Frameworks @loader_path/Frameworks";
				PRODUCT_BUNDLE_IDENTIFIER = nationsky.WeiboTests;
				PRODUCT_NAME = "$(TARGET_NAME)";
				TEST_HOST = "$(BUILT_PRODUCTS_DIR)/Weibo.app/Weibo";
			};
			name = Debug;
		};
		6B05F8B91CBFE6320001F144 /* Release */ = {
			isa = XCBuildConfiguration;
			buildSettings = {
				BUNDLE_LOADER = "$(TEST_HOST)";
				INFOPLIST_FILE = WeiboTests/Info.plist;
				LD_RUNPATH_SEARCH_PATHS = "$(inherited) @executable_path/Frameworks @loader_path/Frameworks";
				PRODUCT_BUNDLE_IDENTIFIER = nationsky.WeiboTests;
				PRODUCT_NAME = "$(TARGET_NAME)";
				TEST_HOST = "$(BUILT_PRODUCTS_DIR)/Weibo.app/Weibo";
			};
			name = Release;
		};
		6B05F8BB1CBFE6320001F144 /* Debug */ = {
			isa = XCBuildConfiguration;
			buildSettings = {
				INFOPLIST_FILE = WeiboUITests/Info.plist;
				LD_RUNPATH_SEARCH_PATHS = "$(inherited) @executable_path/Frameworks @loader_path/Frameworks";
				PRODUCT_BUNDLE_IDENTIFIER = nationsky.WeiboUITests;
				PRODUCT_NAME = "$(TARGET_NAME)";
				TEST_TARGET_NAME = Weibo;
			};
			name = Debug;
		};
		6B05F8BC1CBFE6320001F144 /* Release */ = {
			isa = XCBuildConfiguration;
			buildSettings = {
				INFOPLIST_FILE = WeiboUITests/Info.plist;
				LD_RUNPATH_SEARCH_PATHS = "$(inherited) @executable_path/Frameworks @loader_path/Frameworks";
				PRODUCT_BUNDLE_IDENTIFIER = nationsky.WeiboUITests;
				PRODUCT_NAME = "$(TARGET_NAME)";
				TEST_TARGET_NAME = Weibo;
			};
			name = Release;
		};
/* End XCBuildConfiguration section */

/* Begin XCConfigurationList section */
		6B05F8871CBFE6320001F144 /* Build configuration list for PBXProject "Weibo" */ = {
			isa = XCConfigurationList;
			buildConfigurations = (
				6B05F8B21CBFE6320001F144 /* Debug */,
				6B05F8B31CBFE6320001F144 /* Release */,
			);
			defaultConfigurationIsVisible = 0;
			defaultConfigurationName = Release;
		};
		6B05F8B41CBFE6320001F144 /* Build configuration list for PBXNativeTarget "Weibo" */ = {
			isa = XCConfigurationList;
			buildConfigurations = (
				6B05F8B51CBFE6320001F144 /* Debug */,
				6B05F8B61CBFE6320001F144 /* Release */,
			);
			defaultConfigurationIsVisible = 0;
			defaultConfigurationName = Release;
		};
		6B05F8B71CBFE6320001F144 /* Build configuration list for PBXNativeTarget "WeiboTests" */ = {
			isa = XCConfigurationList;
			buildConfigurations = (
				6B05F8B81CBFE6320001F144 /* Debug */,
				6B05F8B91CBFE6320001F144 /* Release */,
			);
			defaultConfigurationIsVisible = 0;
			defaultConfigurationName = Release;
		};
		6B05F8BA1CBFE6320001F144 /* Build configuration list for PBXNativeTarget "WeiboUITests" */ = {
			isa = XCConfigurationList;
			buildConfigurations = (
				6B05F8BB1CBFE6320001F144 /* Debug */,
				6B05F8BC1CBFE6320001F144 /* Release */,
			);
			defaultConfigurationIsVisible = 0;
			defaultConfigurationName = Release;
		};
/* End XCConfigurationList section */
	};
	rootObject = 6B05F8841CBFE6320001F144 /* Project object */;
}
